
Microsoft Visual Studio Solution File, Format Version 12.00
# Visual Studio Version 16
VisualStudioVersion = 16.0.31112.23
MinimumVisualStudioVersion = 10.0.40219.1
Project("{FAE04EC0-301F-11D3-BF4B-00C04F79EFBC}") = "GenshinLyreMidiPlayer.WPF", "GenshinLyreMidiPlayer.WPF\GenshinLyreMidiPlayer.WPF.csproj", "{32F5B26F-65DB-46EE-8CEA-E432EA9F8806}"
EndProject
Project("{FAE04EC0-301F-11D3-BF4B-00C04F79EFBC}") = "GenshinLyreMidiPlayer.Data", "GenshinLyreMidiPlayer.Data\GenshinLyreMidiPlayer.Data.csproj", "{F1395E61-6B43-4502-9214-221CF1A88588}"
EndProject
Global
	GlobalSection(SolutionConfigurationPlatforms) = preSolution
		Debug|Any CPU = Debug|Any CPU
		Release|Any CPU = Release|Any CPU
	EndGlobalSection
	GlobalSection(ProjectConfigurationPlatforms) = postSolution
		{32F5B26F-65DB-46EE-8CEA-E432EA9F8806}.Debug|Any CPU.ActiveCfg = Debug|Any CPU
		{32F5B26F-65DB-46EE-8CEA-E432EA9F8806}.Debug|Any CPU.Build.0 = Debug|Any CPU
		{32F5B26F-65DB-46EE-8CEA-E432EA9F8806}.Release|Any CPU.ActiveCfg = Release|Any CPU
		{32F5B26F-65DB-46EE-8CEA-E432EA9F8806}.Release|Any CPU.Build.0 = Release|Any CPU
		{F1395E61-6B43-4502-9214-221CF1A88588}.Debug|Any CPU.ActiveCfg = Debug|Any CPU
		{F1395E61-6B43-4502-9214-221CF1A88588}.Debug|Any CPU.Build.0 = Debug|Any CPU
		{F1395E61-6B43-4502-9214-221CF1A88588}.Release|Any CPU.ActiveCfg = Release|Any CPU
		{F1395E61-6B43-4502-9214-221CF1A88588}.Release|Any CPU.Build.0 = Release|Any CPU
	EndGlobalSection
	GlobalSection(SolutionProperties) = preSolution
		HideSolutionNode = FALSE
	EndGlobalSection
	GlobalSection(ExtensibilityGlobals) = postSolution
		SolutionGuid = {936560D8-D7C7-4C9B-9911-5BA6A9D09279}
	EndGlobalSection
EndGlobal
